
Microsoft Visual Studio Solution File, Format Version 12.00
# Visual Studio Version 16
VisualStudioVersion = 16.0.31321.278
MinimumVisualStudioVersion = 10.0.40219.1
Project("{FAE04EC0-301F-11D3-BF4B-00C04F79EFBC}") = "KatasCSharp", "KatasCSharp.csproj", "{D1BB7804-6D56-48D9-98EF-1DEA7D1683D1}"
EndProject
Project("{FAE04EC0-301F-11D3-BF4B-00C04F79EFBC}") = "CSharpKatas.Tests", "..\CSharpKatas.Tests\CSharpKatas.Tests.csproj", "{A465A5ED-F7C9-491A-B118-70A2876DE0EA}"
EndProject
Global
	GlobalSection(SolutionConfigurationPlatforms) = preSolution
		Debug|Any CPU = Debug|Any CPU
		Release|Any CPU = Release|Any CPU
	EndGlobalSection
	GlobalSection(ProjectConfigurationPlatforms) = postSolution
		{D1BB7804-6D56-48D9-98EF-1DEA7D1683D1}.Debug|Any CPU.ActiveCfg = Debug|Any CPU
		{D1BB7804-6D56-48D9-98EF-1DEA7D1683D1}.Debug|Any CPU.Build.0 = Debug|Any CPU
		{D1BB7804-6D56-48D9-98EF-1DEA7D1683D1}.Release|Any CPU.ActiveCfg = Release|Any CPU
		{D1BB7804-6D56-48D9-98EF-1DEA7D1683D1}.Release|Any CPU.Build.0 = Release|Any CPU
		{A465A5ED-F7C9-491A-B118-70A2876DE0EA}.Debug|Any CPU.ActiveCfg = Debug|Any CPU
		{A465A5ED-F7C9-491A-B118-70A2876DE0EA}.Debug|Any CPU.Build.0 = Debug|Any CPU
		{A465A5ED-F7C9-491A-B118-70A2876DE0EA}.Release|Any CPU.ActiveCfg = Release|Any CPU
		{A465A5ED-F7C9-491A-B118-70A2876DE0EA}.Release|Any CPU.Build.0 = Release|Any CPU
	EndGlobalSection
	GlobalSection(SolutionProperties) = preSolution
		HideSolutionNode = FALSE
	EndGlobalSection
	GlobalSection(ExtensibilityGlobals) = postSolution
		SolutionGuid = {14566807-48F8-4690-AE26-A8CC3F00EA92}
	EndGlobalSection
EndGlobal
